{
    "_readme": [
        "This file locks the dependencies of your project to a known state",
        "Read more about it at https://getcomposer.org/doc/01-basic-usage.md#installing-dependencies",
        "This file is @generated automatically"
    ],
    "content-hash": "1e61fa9d59f1f29102d06e8379ae535d",
    "packages": [
        {
            "name": "psr/log",
            "version": "1.1.4",
            "source": {
                "type": "git",
                "url": "https://github.com/php-fig/log.git",
                "reference": "d49695b909c3b7628b6289db5479a1c204601f11"
            },
            "dist": {
                "type": "zip",
                "url": "https://api.github.com/repos/php-fig/log/zipball/d49695b909c3b7628b6289db5479a1c204601f11",
                "reference": "d49695b909c3b7628b6289db5479a1c204601f11",
                "shasum": ""
            },
            "require": {
                "php": ">=5.3.0"
            },
            "type": "library",
            "extra": {
                "branch-alias": {
                    "dev-master": "1.1.x-dev"
                }
            },
            "autoload": {
                "psr-4": {
                    "Psr\\Log\\": "Psr/Log/"
                }
            },
            "notification-url": "https://packagist.org/downloads/",
            "license": [
                "MIT"
            ],
            "authors": [
                {
                    "name": "PHP-FIG",
                    "homepage": "https://www.php-fig.org/"
                }
            ],
            "description": "Common interface for logging libraries",
            "homepage": "https://github.com/php-fig/log",
            "keywords": [
                "log",
                "psr",
                "psr-3"
            ],
            "support": {
                "source": "https://github.com/php-fig/log/tree/1.1.4"
            },
            "time": "2021-05-03T11:20:27+00:00"
        },
        {
            "name": "textalk/websocket",
            "version": "1.5.5",
            "source": {
                "type": "git",
                "url": "https://github.com/Textalk/websocket-php.git",
                "reference": "846542f82658132cd36acb7a7e8ce0f03960c295"
            },
            "dist": {
                "type": "zip",
                "url": "https://api.github.com/repos/Textalk/websocket-php/zipball/846542f82658132cd36acb7a7e8ce0f03960c295",
                "reference": "846542f82658132cd36acb7a7e8ce0f03960c295",
                "shasum": ""
            },
            "require": {
                "php": "^7.2 | ^8.0",
                "psr/log": "^1 | ^2 | ^3"
            },
            "require-dev": {
                "php-coveralls/php-coveralls": "^2.0",
                "phpunit/phpunit": "^8.0|^9.0",
                "squizlabs/php_codesniffer": "^3.5"
            },
            "type": "library",
            "autoload": {
                "psr-4": {
                    "WebSocket\\": "lib"
                }
            },
            "notification-url": "https://packagist.org/downloads/",
            "license": [
                "ISC"
            ],
            "authors": [
                {
                    "name": "Fredrik Liljegren"
                },
                {
                    "name": "Sören Jensen",
                    "email": "soren@abicart.se"
                }
            ],
            "description": "WebSocket client and server",
            "support": {
                "issues": "https://github.com/Textalk/websocket-php/issues",
                "source": "https://github.com/Textalk/websocket-php/tree/1.5.5"
            },
            "time": "2021-08-07T10:21:40+00:00"
        }
    ],
    "packages-dev": [],
    "aliases": [],
    "minimum-stability": "stable",
    "stability-flags": [],
    "prefer-stable": false,
    "prefer-lowest": false,
    "platform": [],
    "platform-dev": [],
    "plugin-api-version": "2.0.0"
}
